
Microsoft Visual Studio Solution File, Format Version 12.00
# Visual Studio Version 16
VisualStudioVersion = 16.0.31515.178
MinimumVisualStudioVersion = 10.0.40219.1
Project("{FAE04EC0-301F-11D3-BF4B-00C04F79EFBC}") = "PRMDataManager", "PRMDataManager\PRMDataManager.csproj", "{19819BDF-212E-45FE-8F17-1C3CE0A6B451}"
EndProject
Project("{00D1A9C2-B5F0-4AF3-8072-F6C62B433612}") = "PRMData", "PRMData\PRMData.sqlproj", "{4972796C-4018-42D2-BDE8-7DDB290CF3AE}"
EndProject
Project("{FAE04EC0-301F-11D3-BF4B-00C04F79EFBC}") = "PRMDesktopUserInterface", "PRMDesktopUserInterface\PRMDesktopUserInterface.csproj", "{1CD18F66-C496-46A7-8295-3682902CE7E3}"
EndProject
Project("{FAE04EC0-301F-11D3-BF4B-00C04F79EFBC}") = "PRMDataManager.Library", "PRMDataManager.Library\PRMDataManager.Library.csproj", "{D22D8DD5-EC38-4546-812C-AF6527EC4961}"
EndProject
Global
	GlobalSection(SolutionConfigurationPlatforms) = preSolution
		Debug|Any CPU = Debug|Any CPU
		Release|Any CPU = Release|Any CPU
	EndGlobalSection
	GlobalSection(ProjectConfigurationPlatforms) = postSolution
		{19819BDF-212E-45FE-8F17-1C3CE0A6B451}.Debug|Any CPU.ActiveCfg = Debug|Any CPU
		{19819BDF-212E-45FE-8F17-1C3CE0A6B451}.Debug|Any CPU.Build.0 = Debug|Any CPU
		{19819BDF-212E-45FE-8F17-1C3CE0A6B451}.Release|Any CPU.ActiveCfg = Release|Any CPU
		{19819BDF-212E-45FE-8F17-1C3CE0A6B451}.Release|Any CPU.Build.0 = Release|Any CPU
		{4972796C-4018-42D2-BDE8-7DDB290CF3AE}.Debug|Any CPU.ActiveCfg = Debug|Any CPU
		{4972796C-4018-42D2-BDE8-7DDB290CF3AE}.Debug|Any CPU.Build.0 = Debug|Any CPU
		{4972796C-4018-42D2-BDE8-7DDB290CF3AE}.Debug|Any CPU.Deploy.0 = Debug|Any CPU
		{4972796C-4018-42D2-BDE8-7DDB290CF3AE}.Release|Any CPU.ActiveCfg = Release|Any CPU
		{4972796C-4018-42D2-BDE8-7DDB290CF3AE}.Release|Any CPU.Build.0 = Release|Any CPU
		{4972796C-4018-42D2-BDE8-7DDB290CF3AE}.Release|Any CPU.Deploy.0 = Release|Any CPU
		{1CD18F66-C496-46A7-8295-3682902CE7E3}.Debug|Any CPU.ActiveCfg = Debug|Any CPU
		{1CD18F66-C496-46A7-8295-3682902CE7E3}.Debug|Any CPU.Build.0 = Debug|Any CPU
		{1CD18F66-C496-46A7-8295-3682902CE7E3}.Release|Any CPU.ActiveCfg = Release|Any CPU
		{1CD18F66-C496-46A7-8295-3682902CE7E3}.Release|Any CPU.Build.0 = Release|Any CPU
		{D22D8DD5-EC38-4546-812C-AF6527EC4961}.Debug|Any CPU.ActiveCfg = Debug|Any CPU
		{D22D8DD5-EC38-4546-812C-AF6527EC4961}.Debug|Any CPU.Build.0 = Debug|Any CPU
		{D22D8DD5-EC38-4546-812C-AF6527EC4961}.Release|Any CPU.ActiveCfg = Release|Any CPU
		{D22D8DD5-EC38-4546-812C-AF6527EC4961}.Release|Any CPU.Build.0 = Release|Any CPU
	EndGlobalSection
	GlobalSection(SolutionProperties) = preSolution
		HideSolutionNode = FALSE
	EndGlobalSection
	GlobalSection(ExtensibilityGlobals) = postSolution
		SolutionGuid = {A3099672-D94A-474D-876E-3FF8594EE5B6}
	EndGlobalSection
EndGlobal
